
Microsoft Visual Studio Solution File, Format Version 12.00
# Visual Studio Version 16
VisualStudioVersion = 16.0.31729.503
MinimumVisualStudioVersion = 10.0.40219.1
Project("{8BC9CEB8-8B4A-11D0-8D11-00A0C91BC942}") = "EMFExplorer", "EMFExplorer\EMFExplorer.vcxproj", "{5755A067-2BBA-4350-B181-70804004DFA7}"
EndProject
Project("{8BC9CEB8-8B4A-11D0-8D11-00A0C91BC942}") = "EMFExplorerHandlers", "EMFExplorerHandlers\EMFExplorerHandlers.vcxproj", "{4E424CEA-59AC-43B3-B44F-51484D117EB4}"
EndProject
Global
	GlobalSection(SolutionConfigurationPlatforms) = preSolution
		Debug CLR|Win32 = Debug CLR|Win32
		Debug CLR|x64 = Debug CLR|x64
		Debug CLR|x86 = Debug CLR|x86
		Debug Static|Win32 = Debug Static|Win32
		Debug Static|x64 = Debug Static|x64
		Debug Static|x86 = Debug Static|x86
		Debug|Win32 = Debug|Win32
		Debug|x64 = Debug|x64
		Debug|x86 = Debug|x86
		Release CLR|Win32 = Release CLR|Win32
		Release CLR|x64 = Release CLR|x64
		Release CLR|x86 = Release CLR|x86
		Release Static|Win32 = Release Static|Win32
		Release Static|x64 = Release Static|x64
		Release Static|x86 = Release Static|x86
		Release|Win32 = Release|Win32
		Release|x64 = Release|x64
		Release|x86 = Release|x86
		Unicode Debug CLR|Win32 = Unicode Debug CLR|Win32
		Unicode Debug CLR|x64 = Unicode Debug CLR|x64
		Unicode Debug CLR|x86 = Unicode Debug CLR|x86
		Unicode Debug Static|Win32 = Unicode Debug Static|Win32
		Unicode Debug Static|x64 = Unicode Debug Static|x64
		Unicode Debug Static|x86 = Unicode Debug Static|x86
		Unicode Debug|Win32 = Unicode Debug|Win32
		Unicode Debug|x64 = Unicode Debug|x64
		Unicode Debug|x86 = Unicode Debug|x86
		Unicode Release CLR|Win32 = Unicode Release CLR|Win32
		Unicode Release CLR|x64 = Unicode Release CLR|x64
		Unicode Release CLR|x86 = Unicode Release CLR|x86
		Unicode Release Static|Win32 = Unicode Release Static|Win32
		Unicode Release Static|x64 = Unicode Release Static|x64
		Unicode Release Static|x86 = Unicode Release Static|x86
		Unicode Release|Win32 = Unicode Release|Win32
		Unicode Release|x64 = Unicode Release|x64
		Unicode Release|x86 = Unicode Release|x86
	EndGlobalSection
	GlobalSection(ProjectConfigurationPlatforms) = postSolution
		{5755A067-2BBA-4350-B181-70804004DFA7}.Debug CLR|Win32.ActiveCfg = Debug|Win32
		{5755A067-2BBA-4350-B181-70804004DFA7}.Debug CLR|Win32.Build.0 = Debug|Win32
		{5755A067-2BBA-4350-B181-70804004DFA7}.Debug CLR|x64.ActiveCfg = Debug|x64
		{5755A067-2BBA-4350-B181-70804004DFA7}.Debug CLR|x64.Build.0 = Debug|x64
		{5755A067-2BBA-4350-B181-70804004DFA7}.Debug CLR|x86.ActiveCfg = Debug|Win32
		{5755A067-2BBA-4350-B181-70804004DFA7}.Debug CLR|x86.Build.0 = Debug|Win32
		{5755A067-2BBA-4350-B181-70804004DFA7}.Debug Static|Win32.ActiveCfg = Debug|Win32
		{5755A067-2BBA-4350-B181-70804004DFA7}.Debug Static|Win32.Build.0 = Debug|Win32
		{5755A067-2BBA-4350-B181-70804004DFA7}.Debug Static|x64.ActiveCfg = Debug|x64
		{5755A067-2BBA-4350-B181-70804004DFA7}.Debug Static|x64.Build.0 = Debug|x64
		{5755A067-2BBA-4350-B181-70804004DFA7}.Debug Static|x86.ActiveCfg = Debug|Win32
		{5755A067-2BBA-4350-B181-70804004DFA7}.Debug Static|x86.Build.0 = Debug|Win32
		{5755A067-2BBA-4350-B181-70804004DFA7}.Debug|Win32.ActiveCfg = Debug|Win32
		{5755A067-2BBA-4350-B181-70804004DFA7}.Debug|Win32.Build.0 = Debug|Win32
		{5755A067-2BBA-4350-B181-70804004DFA7}.Debug|x64.ActiveCfg = Debug|x64
		{5755A067-2BBA-4350-B181-70804004DFA7}.Debug|x64.Build.0 = Debug|x64
		{5755A067-2BBA-4350-B181-70804004DFA7}.Debug|x86.ActiveCfg = Debug|Win32
		{5755A067-2BBA-4350-B181-70804004DFA7}.Debug|x86.Build.0 = Debug|Win32
		{5755A067-2BBA-4350-B181-70804004DFA7}.Release CLR|Win32.ActiveCfg = Release|Win32
		{5755A067-2BBA-4350-B181-70804004DFA7}.Release CLR|Win32.Build.0 = Release|Win32
		{5755A067-2BBA-4350-B181-70804004DFA7}.Release CLR|x64.ActiveCfg = Release|x64
		{5755A067-2BBA-4350-B181-70804004DFA7}.Release CLR|x64.Build.0 = Release|x64
		{5755A067-2BBA-4350-B181-70804004DFA7}.Release CLR|x86.ActiveCfg = Release|Win32
		{5755A067-2BBA-4350-B181-70804004DFA7}.Release CLR|x86.Build.0 = Release|Win32
		{5755A067-2BBA-4350-B181-70804004DFA7}.Release Static|Win32.ActiveCfg = Release|Win32
		{5755A067-2BBA-4350-B181-70804004DFA7}.Release Static|Win32.Build.0 = Release|Win32
		{5755A067-2BBA-4350-B181-70804004DFA7}.Release Static|x64.ActiveCfg = Release|x64
		{5755A067-2BBA-4350-B181-70804004DFA7}.Release Static|x64.Build.0 = Release|x64
		{5755A067-2BBA-4350-B181-70804004DFA7}.Release Static|x86.ActiveCfg = Release|Win32
		{5755A067-2BBA-4350-B181-70804004DFA7}.Release Static|x86.Build.0 = Release|Win32
		{5755A067-2BBA-4350-B181-70804004DFA7}.Release|Win32.ActiveCfg = Release|Win32
		{5755A067-2BBA-4350-B181-70804004DFA7}.Release|Win32.Build.0 = Release|Win32
		{5755A067-2BBA-4350-B181-70804004DFA7}.Release|x64.ActiveCfg = Release|x64
		{5755A067-2BBA-4350-B181-70804004DFA7}.Release|x64.Build.0 = Release|x64
		{5755A067-2BBA-4350-B181-70804004DFA7}.Release|x86.ActiveCfg = Release|Win32
		{5755A067-2BBA-4350-B181-70804004DFA7}.Release|x86.Build.0 = Release|Win32
		{5755A067-2BBA-4350-B181-70804004DFA7}.Unicode Debug CLR|Win32.ActiveCfg = Debug|Win32
		{5755A067-2BBA-4350-B181-70804004DFA7}.Unicode Debug CLR|Win32.Build.0 = Debug|Win32
		{5755A067-2BBA-4350-B181-70804004DFA7}.Unicode Debug CLR|x64.ActiveCfg = Debug|x64
		{5755A067-2BBA-4350-B181-70804004DFA7}.Unicode Debug CLR|x64.Build.0 = Debug|x64
		{5755A067-2BBA-4350-B181-70804004DFA7}.Unicode Debug CLR|x86.ActiveCfg = Debug|Win32
		{5755A067-2BBA-4350-B181-70804004DFA7}.Unicode Debug CLR|x86.Build.0 = Debug|Win32
		{5755A067-2BBA-4350-B181-70804004DFA7}.Unicode Debug Static|Win32.ActiveCfg = Debug|Win32
		{5755A067-2BBA-4350-B181-70804004DFA7}.Unicode Debug Static|Win32.Build.0 = Debug|Win32
		{5755A067-2BBA-4350-B181-70804004DFA7}.Unicode Debug Static|x64.ActiveCfg = Debug|x64
		{5755A067-2BBA-4350-B181-70804004DFA7}.Unicode Debug Static|x64.Build.0 = Debug|x64
		{5755A067-2BBA-4350-B181-70804004DFA7}.Unicode Debug Static|x86.ActiveCfg = Debug|Win32
		{5755A067-2BBA-4350-B181-70804004DFA7}.Unicode Debug Static|x86.Build.0 = Debug|Win32
		{5755A067-2BBA-4350-B181-70804004DFA7}.Unicode Debug|Win32.ActiveCfg = Debug|Win32
		{5755A067-2BBA-4350-B181-70804004DFA7}.Unicode Debug|Win32.Build.0 = Debug|Win32
		{5755A067-2BBA-4350-B181-70804004DFA7}.Unicode Debug|x64.ActiveCfg = Debug|x64
		{5755A067-2BBA-4350-B181-70804004DFA7}.Unicode Debug|x64.Build.0 = Debug|x64
		{5755A067-2BBA-4350-B181-70804004DFA7}.Unicode Debug|x86.ActiveCfg = Debug|Win32
		{5755A067-2BBA-4350-B181-70804004DFA7}.Unicode Debug|x86.Build.0 = Debug|Win32
		{5755A067-2BBA-4350-B181-70804004DFA7}.Unicode Release CLR|Win32.ActiveCfg = Release|Win32
		{5755A067-2BBA-4350-B181-70804004DFA7}.Unicode Release CLR|Win32.Build.0 = Release|Win32
		{5755A067-2BBA-4350-B181-70804004DFA7}.Unicode Release CLR|x64.ActiveCfg = Release|x64
		{5755A067-2BBA-4350-B181-70804004DFA7}.Unicode Release CLR|x64.Build.0 = Release|x64
		{5755A067-2BBA-4350-B181-70804004DFA7}.Unicode Release CLR|x86.ActiveCfg = Release|Win32
		{5755A067-2BBA-4350-B181-70804004DFA7}.Unicode Release CLR|x86.Build.0 = Release|Win32
		{5755A067-2BBA-4350-B181-70804004DFA7}.Unicode Release Static|Win32.ActiveCfg = Release|Win32
		{5755A067-2BBA-4350-B181-70804004DFA7}.Unicode Release Static|Win32.Build.0 = Release|Win32
		{5755A067-2BBA-4350-B181-70804004DFA7}.Unicode Release Static|x64.ActiveCfg = Release|x64
		{5755A067-2BBA-4350-B181-70804004DFA7}.Unicode Release Static|x64.Build.0 = Release|x64
		{5755A067-2BBA-4350-B181-70804004DFA7}.Unicode Release Static|x86.ActiveCfg = Release|Win32
		{5755A067-2BBA-4350-B181-70804004DFA7}.Unicode Release Static|x86.Build.0 = Release|Win32
		{5755A067-2BBA-4350-B181-70804004DFA7}.Unicode Release|Win32.ActiveCfg = Release|Win32
		{5755A067-2BBA-4350-B181-70804004DFA7}.Unicode Release|Win32.Build.0 = Release|Win32
		{5755A067-2BBA-4350-B181-70804004DFA7}.Unicode Release|x64.ActiveCfg = Release|x64
		{5755A067-2BBA-4350-B181-70804004DFA7}.Unicode Release|x64.Build.0 = Release|x64
		{5755A067-2BBA-4350-B181-70804004DFA7}.Unicode Release|x86.ActiveCfg = Release|Win32
		{5755A067-2BBA-4350-B181-70804004DFA7}.Unicode Release|x86.Build.0 = Release|Win32
		{4E424CEA-59AC-43B3-B44F-51484D117EB4}.Debug CLR|Win32.ActiveCfg = Debug|Win32
		{4E424CEA-59AC-43B3-B44F-51484D117EB4}.Debug CLR|Win32.Build.0 = Debug|Win32
		{4E424CEA-59AC-43B3-B44F-51484D117EB4}.Debug CLR|x64.ActiveCfg = Debug|x64
		{4E424CEA-59AC-43B3-B44F-51484D117EB4}.Debug CLR|x64.Build.0 = Debug|x64
		{4E424CEA-59AC-43B3-B44F-51484D117EB4}.Debug CLR|x86.ActiveCfg = Debug|Win32
		{4E424CEA-59AC-43B3-B44F-51484D117EB4}.Debug CLR|x86.Build.0 = Debug|Win32
		{4E424CEA-59AC-43B3-B44F-51484D117EB4}.Debug Static|Win32.ActiveCfg = Debug|Win32
		{4E424CEA-59AC-43B3-B44F-51484D117EB4}.Debug Static|Win32.Build.0 = Debug|Win32
		{4E424CEA-59AC-43B3-B44F-51484D117EB4}.Debug Static|x64.ActiveCfg = Debug|x64
		{4E424CEA-59AC-43B3-B44F-51484D117EB4}.Debug Static|x64.Build.0 = Debug|x64
		{4E424CEA-59AC-43B3-B44F-51484D117EB4}.Debug Static|x86.ActiveCfg = Debug|Win32
		{4E424CEA-59AC-43B3-B44F-51484D117EB4}.Debug Static|x86.Build.0 = Debug|Win32
		{4E424CEA-59AC-43B3-B44F-51484D117EB4}.Debug|Win32.ActiveCfg = Debug|Win32
		{4E424CEA-59AC-43B3-B44F-51484D117EB4}.Debug|Win32.Build.0 = Debug|Win32
		{4E424CEA-59AC-43B3-B44F-51484D117EB4}.Debug|x64.ActiveCfg = Debug|x64
		{4E424CEA-59AC-43B3-B44F-51484D117EB4}.Debug|x64.Build.0 = Debug|x64
		{4E424CEA-59AC-43B3-B44F-51484D117EB4}.Debug|x86.ActiveCfg = Debug|Win32
		{4E424CEA-59AC-43B3-B44F-51484D117EB4}.Debug|x86.Build.0 = Debug|Win32
		{4E424CEA-59AC-43B3-B44F-51484D117EB4}.Release CLR|Win32.ActiveCfg = Release|Win32
		{4E424CEA-59AC-43B3-B44F-51484D117EB4}.Release CLR|Win32.Build.0 = Release|Win32
		{4E424CEA-59AC-43B3-B44F-51484D117EB4}.Release CLR|x64.ActiveCfg = Release|x64
		{4E424CEA-59AC-43B3-B44F-51484D117EB4}.Release CLR|x64.Build.0 = Release|x64
		{4E424CEA-59AC-43B3-B44F-51484D117EB4}.Release CLR|x86.ActiveCfg = Release|Win32
		{4E424CEA-59AC-43B3-B44F-51484D117EB4}.Release CLR|x86.Build.0 = Release|Win32
		{4E424CEA-59AC-43B3-B44F-51484D117EB4}.Release Static|Win32.ActiveCfg = Release|Win32
		{4E424CEA-59AC-43B3-B44F-51484D117EB4}.Release Static|Win32.Build.0 = Release|Win32
		{4E424CEA-59AC-43B3-B44F-51484D117EB4}.Release Static|x64.ActiveCfg = Release|x64
		{4E424CEA-59AC-43B3-B44F-51484D117EB4}.Release Static|x64.Build.0 = Release|x64
		{4E424CEA-59AC-43B3-B44F-51484D117EB4}.Release Static|x86.ActiveCfg = Release|Win32
		{4E424CEA-59AC-43B3-B44F-51484D117EB4}.Release Static|x86.Build.0 = Release|Win32
		{4E424CEA-59AC-43B3-B44F-51484D117EB4}.Release|Win32.ActiveCfg = Release|Win32
		{4E424CEA-59AC-43B3-B44F-51484D117EB4}.Release|Win32.Build.0 = Release|Win32
		{4E424CEA-59AC-43B3-B44F-51484D117EB4}.Release|x64.ActiveCfg = Release|x64
		{4E424CEA-59AC-43B3-B44F-51484D117EB4}.Release|x64.Build.0 = Release|x64
		{4E424CEA-59AC-43B3-B44F-51484D117EB4}.Release|x86.ActiveCfg = Release|Win32
		{4E424CEA-59AC-43B3-B44F-51484D117EB4}.Release|x86.Build.0 = Release|Win32
		{4E424CEA-59AC-43B3-B44F-51484D117EB4}.Unicode Debug CLR|Win32.ActiveCfg = Debug|Win32
		{4E424CEA-59AC-43B3-B44F-51484D117EB4}.Unicode Debug CLR|Win32.Build.0 = Debug|Win32
		{4E424CEA-59AC-43B3-B44F-51484D117EB4}.Unicode Debug CLR|x64.ActiveCfg = Debug|x64
		{4E424CEA-59AC-43B3-B44F-51484D117EB4}.Unicode Debug CLR|x64.Build.0 = Debug|x64
		{4E424CEA-59AC-43B3-B44F-51484D117EB4}.Unicode Debug CLR|x86.ActiveCfg = Debug|Win32
		{4E424CEA-59AC-43B3-B44F-51484D117EB4}.Unicode Debug CLR|x86.Build.0 = Debug|Win32
		{4E424CEA-59AC-43B3-B44F-51484D117EB4}.Unicode Debug Static|Win32.ActiveCfg = Debug|Win32
		{4E424CEA-59AC-43B3-B44F-51484D117EB4}.Unicode Debug Static|Win32.Build.0 = Debug|Win32
		{4E424CEA-59AC-43B3-B44F-51484D117EB4}.Unicode Debug Static|x64.ActiveCfg = Debug|x64
		{4E424CEA-59AC-43B3-B44F-51484D117EB4}.Unicode Debug Static|x64.Build.0 = Debug|x64
		{4E424CEA-59AC-43B3-B44F-51484D117EB4}.Unicode Debug Static|x86.ActiveCfg = Debug|Win32
		{4E424CEA-59AC-43B3-B44F-51484D117EB4}.Unicode Debug Static|x86.Build.0 = Debug|Win32
		{4E424CEA-59AC-43B3-B44F-51484D117EB4}.Unicode Debug|Win32.ActiveCfg = Debug|Win32
		{4E424CEA-59AC-43B3-B44F-51484D117EB4}.Unicode Debug|Win32.Build.0 = Debug|Win32
		{4E424CEA-59AC-43B3-B44F-51484D117EB4}.Unicode Debug|x64.ActiveCfg = Debug|x64
		{4E424CEA-59AC-43B3-B44F-51484D117EB4}.Unicode Debug|x64.Build.0 = Debug|x64
		{4E424CEA-59AC-43B3-B44F-51484D117EB4}.Unicode Debug|x86.ActiveCfg = Debug|Win32
		{4E424CEA-59AC-43B3-B44F-51484D117EB4}.Unicode Debug|x86.Build.0 = Debug|Win32
		{4E424CEA-59AC-43B3-B44F-51484D117EB4}.Unicode Release CLR|Win32.ActiveCfg = Release|Win32
		{4E424CEA-59AC-43B3-B44F-51484D117EB4}.Unicode Release CLR|Win32.Build.0 = Release|Win32
		{4E424CEA-59AC-43B3-B44F-51484D117EB4}.Unicode Release CLR|x64.ActiveCfg = Release|x64
		{4E424CEA-59AC-43B3-B44F-51484D117EB4}.Unicode Release CLR|x64.Build.0 = Release|x64
		{4E424CEA-59AC-43B3-B44F-51484D117EB4}.Unicode Release CLR|x86.ActiveCfg = Release|Win32
		{4E424CEA-59AC-43B3-B44F-51484D117EB4}.Unicode Release CLR|x86.Build.0 = Release|Win32
		{4E424CEA-59AC-43B3-B44F-51484D117EB4}.Unicode Release Static|Win32.ActiveCfg = Release|Win32
		{4E424CEA-59AC-43B3-B44F-51484D117EB4}.Unicode Release Static|Win32.Build.0 = Release|Win32
		{4E424CEA-59AC-43B3-B44F-51484D117EB4}.Unicode Release Static|x64.ActiveCfg = Release|x64
		{4E424CEA-59AC-43B3-B44F-51484D117EB4}.Unicode Release Static|x64.Build.0 = Release|x64
		{4E424CEA-59AC-43B3-B44F-51484D117EB4}.Unicode Release Static|x86.ActiveCfg = Release|Win32
		{4E424CEA-59AC-43B3-B44F-51484D117EB4}.Unicode Release Static|x86.Build.0 = Release|Win32
		{4E424CEA-59AC-43B3-B44F-51484D117EB4}.Unicode Release|Win32.ActiveCfg = Release|Win32
		{4E424CEA-59AC-43B3-B44F-51484D117EB4}.Unicode Release|Win32.Build.0 = Release|Win32
		{4E424CEA-59AC-43B3-B44F-51484D117EB4}.Unicode Release|x64.ActiveCfg = Release|x64
		{4E424CEA-59AC-43B3-B44F-51484D117EB4}.Unicode Release|x64.Build.0 = Release|x64
		{4E424CEA-59AC-43B3-B44F-51484D117EB4}.Unicode Release|x86.ActiveCfg = Release|Win32
		{4E424CEA-59AC-43B3-B44F-51484D117EB4}.Unicode Release|x86.Build.0 = Release|Win32
	EndGlobalSection
	GlobalSection(SolutionProperties) = preSolution
		HideSolutionNode = FALSE
	EndGlobalSection
	GlobalSection(ExtensibilityGlobals) = postSolution
		SolutionGuid = {73F5F8EE-CA90-4B91-8F13-4E98F40AC6E5}
	EndGlobalSection
EndGlobal
